
Microsoft Visual Studio Solution File, Format Version 12.00
# Visual Studio Version 17
VisualStudioVersion = 17.3.32922.545
MinimumVisualStudioVersion = 10.0.40219.1
Project("{FAE04EC0-301F-11D3-BF4B-00C04F79EFBC}") = "SwagLabsTestFramework", "SwagLabsTestFramework\SwagLabsTestFramework.csproj", "{E73DEE71-D27D-4287-ADE2-954D05333E96}"
EndProject
Global
	GlobalSection(SolutionConfigurationPlatforms) = preSolution
		Debug|Any CPU = Debug|Any CPU
		Release|Any CPU = Release|Any CPU
	EndGlobalSection
	GlobalSection(ProjectConfigurationPlatforms) = postSolution
		{E73DEE71-D27D-4287-ADE2-954D05333E96}.Debug|Any CPU.ActiveCfg = Debug|Any CPU
		{E73DEE71-D27D-4287-ADE2-954D05333E96}.Debug|Any CPU.Build.0 = Debug|Any CPU
		{E73DEE71-D27D-4287-ADE2-954D05333E96}.Release|Any CPU.ActiveCfg = Release|Any CPU
		{E73DEE71-D27D-4287-ADE2-954D05333E96}.Release|Any CPU.Build.0 = Release|Any CPU
	EndGlobalSection
	GlobalSection(SolutionProperties) = preSolution
		HideSolutionNode = FALSE
	EndGlobalSection
	GlobalSection(ExtensibilityGlobals) = postSolution
		SolutionGuid = {63256C02-538B-44A7-950F-FD07664DF8C9}
	EndGlobalSection
EndGlobal
